{
	"requires": true,
	"lockfileVersion": 1,
	"dependencies": {
		"@types/react": {
			"version": "16.0.13",
			"resolved": "https://registry.npmjs.org/@types/react/-/react-16.0.13.tgz",
			"integrity": "sha512-1zAK6ktQEEUtWv4ATbi2Fr6rgJg1zMvP2Fh+B/PEes862Ynvbpz0guCcNcGlJaOs7zMglBA2s0774Ys2G9FPsw=="
		},
		"@types/react-dom": {
			"version": "15.5.1",
			"resolved": "https://registry.npmjs.org/@types/react-dom/-/react-dom-15.5.1.tgz",
			"integrity": "sha512-4c+e/QPfvSa48YhgGOcQWoHishTo6BuJqka0Bh8qeLdnK1jS+1Nz8W/w1G17AIjtLxONYFUqmi8qyt+8p/yMFA==",
			"requires": {
				"@types/react": "16.0.13"
			}
		},
		"typescript": {
			"version": "2.5.3",
			"resolved": "https://registry.npmjs.org/typescript/-/typescript-2.5.3.tgz",
			"integrity": "sha512-ptLSQs2S4QuS6/OD1eAKG+S5G8QQtrU5RT32JULdZQtM1L3WTi34Wsu48Yndzi8xsObRAB9RPt/KhA9wlpEF6w=="
		}
	}
}
